
Microsoft Visual Studio Solution File, Format Version 12.00
# Visual Studio Version 16
VisualStudioVersion = 16.0.29519.87
MinimumVisualStudioVersion = 10.0.40219.1
Project("{9A19103F-16F7-4668-BE54-9A1E7A4F7556}") = "Espd", "Espd\Espd.csproj", "{EFC2A666-FAB5-4669-9D25-5360FB51C393}"
EndProject
Project("{FAE04EC0-301F-11D3-BF4B-00C04F79EFBC}") = "UBL", "UBL\UBL.csproj", "{8F84CEC0-E966-4FD5-B48C-E9B17D5632B3}"
EndProject
Project("{FAE04EC0-301F-11D3-BF4B-00C04F79EFBC}") = "Espd.Tests", "Espd.Tests\Espd.Tests.csproj", "{A29F06E1-DCF4-4CDB-A5A8-216BC7E5BAD2}"
EndProject
Global
	GlobalSection(SolutionConfigurationPlatforms) = preSolution
		Debug|Any CPU = Debug|Any CPU
		Release|Any CPU = Release|Any CPU
	EndGlobalSection
	GlobalSection(ProjectConfigurationPlatforms) = postSolution
		{EFC2A666-FAB5-4669-9D25-5360FB51C393}.Debug|Any CPU.ActiveCfg = Debug|Any CPU
		{EFC2A666-FAB5-4669-9D25-5360FB51C393}.Debug|Any CPU.Build.0 = Debug|Any CPU
		{EFC2A666-FAB5-4669-9D25-5360FB51C393}.Release|Any CPU.ActiveCfg = Release|Any CPU
		{EFC2A666-FAB5-4669-9D25-5360FB51C393}.Release|Any CPU.Build.0 = Release|Any CPU
		{8F84CEC0-E966-4FD5-B48C-E9B17D5632B3}.Debug|Any CPU.ActiveCfg = Debug|Any CPU
		{8F84CEC0-E966-4FD5-B48C-E9B17D5632B3}.Debug|Any CPU.Build.0 = Debug|Any CPU
		{8F84CEC0-E966-4FD5-B48C-E9B17D5632B3}.Release|Any CPU.ActiveCfg = Release|Any CPU
		{8F84CEC0-E966-4FD5-B48C-E9B17D5632B3}.Release|Any CPU.Build.0 = Release|Any CPU
		{A29F06E1-DCF4-4CDB-A5A8-216BC7E5BAD2}.Debug|Any CPU.ActiveCfg = Debug|Any CPU
		{A29F06E1-DCF4-4CDB-A5A8-216BC7E5BAD2}.Debug|Any CPU.Build.0 = Debug|Any CPU
		{A29F06E1-DCF4-4CDB-A5A8-216BC7E5BAD2}.Release|Any CPU.ActiveCfg = Release|Any CPU
		{A29F06E1-DCF4-4CDB-A5A8-216BC7E5BAD2}.Release|Any CPU.Build.0 = Release|Any CPU
	EndGlobalSection
	GlobalSection(SolutionProperties) = preSolution
		HideSolutionNode = FALSE
	EndGlobalSection
	GlobalSection(ExtensibilityGlobals) = postSolution
		SolutionGuid = {5EC8492E-8723-4DDC-BA0E-40E18467866A}
	EndGlobalSection
EndGlobal
