{
  "name": "@hankintailmoitukset.fi/hilma-espd-edm",
  "version": "#{PACKAGE_VERSION}#",
  "lockfileVersion": 3,
  "requires": true,
  "packages": {
    "": {
      "name": "@hankintailmoitukset.fi/hilma-espd-edm",
      "version": "#{PACKAGE_VERSION}#",
      "license": "LGPL-3.0-only",
      "dependencies": {
        "@types/lodash.assign": "^4.2.9",
        "lodash.assign": "^4.2.0"
      },
      "devDependencies": {
        "typescript": "^5.4.5"
      }
    },
    "node_modules/@types/lodash": {
      "version": "4.14.200",
      "resolved": "https://registry.npmjs.org/@types/lodash/-/lodash-4.14.200.tgz",
      "integrity": "sha512-YI/M/4HRImtNf3pJgbF+W6FrXovqj+T+/HpENLTooK9PnkacBsDpeP3IpHab40CClUfhNmdM2WTNP2sa2dni5Q=="
    },
    "node_modules/@types/lodash.assign": {
      "version": "4.2.9",
      "resolved": "https://registry.npmjs.org/@types/lodash.assign/-/lodash.assign-4.2.9.tgz",
      "integrity": "sha512-3l+BitwbEV9O1Q2KcwGHsG3KFNHInLcYMvVhHTP0fBLmpmZMYjh4q5A/J8UygfdtZXr8wRIMgUydFIy5ysGRcA==",
      "dependencies": {
        "@types/lodash": "*"
      }
    },
    "node_modules/lodash.assign": {
      "version": "4.2.0",
      "resolved": "https://registry.npmjs.org/lodash.assign/-/lodash.assign-4.2.0.tgz",
      "integrity": "sha512-hFuH8TY+Yji7Eja3mGiuAxBqLagejScbG8GbG0j6o9vzn0YL14My+ktnqtZgFTosKymC9/44wP6s7xyuLfnClw=="
    },
    "node_modules/typescript": {
      "version": "5.4.5",
      "resolved": "https://registry.npmjs.org/typescript/-/typescript-5.4.5.tgz",
      "integrity": "sha512-vcI4UpRgg81oIRUFwR0WSIHKt11nJ7SAVlYNIu+QpqeyXP+gpQJy/Z4+F0aGxSE4MqwjyXvW/TzgkLAx2AGHwQ==",
      "dev": true,
      "bin": {
        "tsc": "bin/tsc",
        "tsserver": "bin/tsserver"
      },
      "engines": {
        "node": ">=14.17"
      }
    }
  }
}
